
Microsoft Visual Studio Solution File, Format Version 12.00
# Visual Studio 2013
VisualStudioVersion = 12.0.30723.0
MinimumVisualStudioVersion = 10.0.40219.1
Project("{8BC9CEB8-8B4A-11D0-8D11-00A0C91BC942}") = "CLRHostDemo", "CLRHostDemo\CLRHostDemo.vcxproj", "{39C74B0F-618F-4E99-87C2-8F395CB4FEBC}"
EndProject
Project("{FAE04EC0-301F-11D3-BF4B-00C04F79EFBC}") = "ManangedLib", "ManangedLib\ManangedLib.csproj", "{2D06D593-6D00-41A5-9093-0B2196A36C4E}"
EndProject
Project("{FAE04EC0-301F-11D3-BF4B-00C04F79EFBC}") = "ManangedConsoleApp", "ManangedConsoleApp\ManangedConsoleApp.csproj", "{E8DFA2FD-AAC9-4780-BD50-211AA60C285B}"
EndProject
Global
	GlobalSection(SolutionConfigurationPlatforms) = preSolution
		Debug|Any CPU = Debug|Any CPU
		Debug|Mixed Platforms = Debug|Mixed Platforms
		Debug|Win32 = Debug|Win32
		Release|Any CPU = Release|Any CPU
		Release|Mixed Platforms = Release|Mixed Platforms
		Release|Win32 = Release|Win32
	EndGlobalSection
	GlobalSection(ProjectConfigurationPlatforms) = postSolution
		{39C74B0F-618F-4E99-87C2-8F395CB4FEBC}.Debug|Any CPU.ActiveCfg = Debug|Win32
		{39C74B0F-618F-4E99-87C2-8F395CB4FEBC}.Debug|Mixed Platforms.ActiveCfg = Debug|Win32
		{39C74B0F-618F-4E99-87C2-8F395CB4FEBC}.Debug|Mixed Platforms.Build.0 = Debug|Win32
		{39C74B0F-618F-4E99-87C2-8F395CB4FEBC}.Debug|Win32.ActiveCfg = Debug|Win32
		{39C74B0F-618F-4E99-87C2-8F395CB4FEBC}.Debug|Win32.Build.0 = Debug|Win32
		{39C74B0F-618F-4E99-87C2-8F395CB4FEBC}.Release|Any CPU.ActiveCfg = Release|Win32
		{39C74B0F-618F-4E99-87C2-8F395CB4FEBC}.Release|Mixed Platforms.ActiveCfg = Release|Win32
		{39C74B0F-618F-4E99-87C2-8F395CB4FEBC}.Release|Mixed Platforms.Build.0 = Release|Win32
		{39C74B0F-618F-4E99-87C2-8F395CB4FEBC}.Release|Win32.ActiveCfg = Release|Win32
		{39C74B0F-618F-4E99-87C2-8F395CB4FEBC}.Release|Win32.Build.0 = Release|Win32
		{2D06D593-6D00-41A5-9093-0B2196A36C4E}.Debug|Any CPU.ActiveCfg = Debug|Any CPU
		{2D06D593-6D00-41A5-9093-0B2196A36C4E}.Debug|Any CPU.Build.0 = Debug|Any CPU
		{2D06D593-6D00-41A5-9093-0B2196A36C4E}.Debug|Mixed Platforms.ActiveCfg = Debug|Any CPU
		{2D06D593-6D00-41A5-9093-0B2196A36C4E}.Debug|Mixed Platforms.Build.0 = Debug|Any CPU
		{2D06D593-6D00-41A5-9093-0B2196A36C4E}.Debug|Win32.ActiveCfg = Debug|Any CPU
		{2D06D593-6D00-41A5-9093-0B2196A36C4E}.Release|Any CPU.ActiveCfg = Release|Any CPU
		{2D06D593-6D00-41A5-9093-0B2196A36C4E}.Release|Any CPU.Build.0 = Release|Any CPU
		{2D06D593-6D00-41A5-9093-0B2196A36C4E}.Release|Mixed Platforms.ActiveCfg = Release|Any CPU
		{2D06D593-6D00-41A5-9093-0B2196A36C4E}.Release|Mixed Platforms.Build.0 = Release|Any CPU
		{2D06D593-6D00-41A5-9093-0B2196A36C4E}.Release|Win32.ActiveCfg = Release|Any CPU
		{E8DFA2FD-AAC9-4780-BD50-211AA60C285B}.Debug|Any CPU.ActiveCfg = Debug|Any CPU
		{E8DFA2FD-AAC9-4780-BD50-211AA60C285B}.Debug|Any CPU.Build.0 = Debug|Any CPU
		{E8DFA2FD-AAC9-4780-BD50-211AA60C285B}.Debug|Mixed Platforms.ActiveCfg = Debug|Any CPU
		{E8DFA2FD-AAC9-4780-BD50-211AA60C285B}.Debug|Mixed Platforms.Build.0 = Debug|Any CPU
		{E8DFA2FD-AAC9-4780-BD50-211AA60C285B}.Debug|Win32.ActiveCfg = Debug|Any CPU
		{E8DFA2FD-AAC9-4780-BD50-211AA60C285B}.Release|Any CPU.ActiveCfg = Release|Any CPU
		{E8DFA2FD-AAC9-4780-BD50-211AA60C285B}.Release|Any CPU.Build.0 = Release|Any CPU
		{E8DFA2FD-AAC9-4780-BD50-211AA60C285B}.Release|Mixed Platforms.ActiveCfg = Release|Any CPU
		{E8DFA2FD-AAC9-4780-BD50-211AA60C285B}.Release|Mixed Platforms.Build.0 = Release|Any CPU
		{E8DFA2FD-AAC9-4780-BD50-211AA60C285B}.Release|Win32.ActiveCfg = Release|Any CPU
	EndGlobalSection
	GlobalSection(SolutionProperties) = preSolution
		HideSolutionNode = FALSE
	EndGlobalSection
EndGlobal
